
Microsoft Visual Studio Solution File, Format Version 12.00
Project("{FAE04EC0-301F-11D3-BF4B-00C04F79EFBC}") = "Train", "Train\Train.csproj", "{D3F8D4E0-3317-4D63-8510-31988D06DFF9}"
EndProject
Project("{FAE04EC0-301F-11D3-BF4B-00C04F79EFBC}") = "CommonElements", "CommonElements\CommonElements.csproj", "{943C37F4-DE88-443C-8EDC-497CB817DFAA}"
EndProject
Project("{FAE04EC0-301F-11D3-BF4B-00C04F79EFBC}") = "ZigZagArrays", "ZigZagArrays\ZigZagArrays.csproj", "{7B8FC875-C006-4248-9052-9AB540E0C474}"
EndProject
Project("{FAE04EC0-301F-11D3-BF4B-00C04F79EFBC}") = "ArrayRotation", "ArrayRotation\ArrayRotation.csproj", "{4B7468A6-E429-44DD-81FC-72002D37118B}"
EndProject
Project("{FAE04EC0-301F-11D3-BF4B-00C04F79EFBC}") = "EqualSum", "EqualSum\EqualSum.csproj", "{4A0DA64A-1BAB-4E8B-93D7-C5492A2A1093}"
EndProject
Project("{FAE04EC0-301F-11D3-BF4B-00C04F79EFBC}") = "MaxSequenceOfEqualElements", "MaxSequenceOfEqualElements\MaxSequenceOfEqualElements.csproj", "{028580A3-FAC7-41B9-9992-477298B50D0A}"
EndProject
Project("{FAE04EC0-301F-11D3-BF4B-00C04F79EFBC}") = "MagicSum", "MagicSum\MagicSum.csproj", "{83150112-934D-411E-B451-9D305304C04E}"
EndProject
Global
	GlobalSection(SolutionConfigurationPlatforms) = preSolution
		Debug|Any CPU = Debug|Any CPU
		Release|Any CPU = Release|Any CPU
	EndGlobalSection
	GlobalSection(ProjectConfigurationPlatforms) = postSolution
		{D3F8D4E0-3317-4D63-8510-31988D06DFF9}.Debug|Any CPU.ActiveCfg = Debug|Any CPU
		{D3F8D4E0-3317-4D63-8510-31988D06DFF9}.Debug|Any CPU.Build.0 = Debug|Any CPU
		{D3F8D4E0-3317-4D63-8510-31988D06DFF9}.Release|Any CPU.ActiveCfg = Release|Any CPU
		{D3F8D4E0-3317-4D63-8510-31988D06DFF9}.Release|Any CPU.Build.0 = Release|Any CPU
		{943C37F4-DE88-443C-8EDC-497CB817DFAA}.Debug|Any CPU.ActiveCfg = Debug|Any CPU
		{943C37F4-DE88-443C-8EDC-497CB817DFAA}.Debug|Any CPU.Build.0 = Debug|Any CPU
		{943C37F4-DE88-443C-8EDC-497CB817DFAA}.Release|Any CPU.ActiveCfg = Release|Any CPU
		{943C37F4-DE88-443C-8EDC-497CB817DFAA}.Release|Any CPU.Build.0 = Release|Any CPU
		{7B8FC875-C006-4248-9052-9AB540E0C474}.Debug|Any CPU.ActiveCfg = Debug|Any CPU
		{7B8FC875-C006-4248-9052-9AB540E0C474}.Debug|Any CPU.Build.0 = Debug|Any CPU
		{7B8FC875-C006-4248-9052-9AB540E0C474}.Release|Any CPU.ActiveCfg = Release|Any CPU
		{7B8FC875-C006-4248-9052-9AB540E0C474}.Release|Any CPU.Build.0 = Release|Any CPU
		{4B7468A6-E429-44DD-81FC-72002D37118B}.Debug|Any CPU.ActiveCfg = Debug|Any CPU
		{4B7468A6-E429-44DD-81FC-72002D37118B}.Debug|Any CPU.Build.0 = Debug|Any CPU
		{4B7468A6-E429-44DD-81FC-72002D37118B}.Release|Any CPU.ActiveCfg = Release|Any CPU
		{4B7468A6-E429-44DD-81FC-72002D37118B}.Release|Any CPU.Build.0 = Release|Any CPU
		{4A0DA64A-1BAB-4E8B-93D7-C5492A2A1093}.Debug|Any CPU.ActiveCfg = Debug|Any CPU
		{4A0DA64A-1BAB-4E8B-93D7-C5492A2A1093}.Debug|Any CPU.Build.0 = Debug|Any CPU
		{4A0DA64A-1BAB-4E8B-93D7-C5492A2A1093}.Release|Any CPU.ActiveCfg = Release|Any CPU
		{4A0DA64A-1BAB-4E8B-93D7-C5492A2A1093}.Release|Any CPU.Build.0 = Release|Any CPU
		{028580A3-FAC7-41B9-9992-477298B50D0A}.Debug|Any CPU.ActiveCfg = Debug|Any CPU
		{028580A3-FAC7-41B9-9992-477298B50D0A}.Debug|Any CPU.Build.0 = Debug|Any CPU
		{028580A3-FAC7-41B9-9992-477298B50D0A}.Release|Any CPU.ActiveCfg = Release|Any CPU
		{028580A3-FAC7-41B9-9992-477298B50D0A}.Release|Any CPU.Build.0 = Release|Any CPU
		{83150112-934D-411E-B451-9D305304C04E}.Debug|Any CPU.ActiveCfg = Debug|Any CPU
		{83150112-934D-411E-B451-9D305304C04E}.Debug|Any CPU.Build.0 = Debug|Any CPU
		{83150112-934D-411E-B451-9D305304C04E}.Release|Any CPU.ActiveCfg = Release|Any CPU
		{83150112-934D-411E-B451-9D305304C04E}.Release|Any CPU.Build.0 = Release|Any CPU
	EndGlobalSection
EndGlobal
