
Microsoft Visual Studio Solution File, Format Version 12.00
Project("{FAE04EC0-301F-11D3-BF4B-00C04F79EFBC}") = "ValidUsernames", "ValidUsernames\ValidUsernames.csproj", "{7840CF59-1AEB-474F-8FBA-21B1FFF431DF}"
EndProject
Project("{FAE04EC0-301F-11D3-BF4B-00C04F79EFBC}") = "CharacterMultiplier", "CharacterMultiplier\CharacterMultiplier.csproj", "{EEAB8F99-9680-43CC-A10C-22DCA34279F7}"
EndProject
Global
	GlobalSection(SolutionConfigurationPlatforms) = preSolution
		Debug|Any CPU = Debug|Any CPU
		Release|Any CPU = Release|Any CPU
	EndGlobalSection
	GlobalSection(ProjectConfigurationPlatforms) = postSolution
		{7840CF59-1AEB-474F-8FBA-21B1FFF431DF}.Debug|Any CPU.ActiveCfg = Debug|Any CPU
		{7840CF59-1AEB-474F-8FBA-21B1FFF431DF}.Debug|Any CPU.Build.0 = Debug|Any CPU
		{7840CF59-1AEB-474F-8FBA-21B1FFF431DF}.Release|Any CPU.ActiveCfg = Release|Any CPU
		{7840CF59-1AEB-474F-8FBA-21B1FFF431DF}.Release|Any CPU.Build.0 = Release|Any CPU
		{EEAB8F99-9680-43CC-A10C-22DCA34279F7}.Debug|Any CPU.ActiveCfg = Debug|Any CPU
		{EEAB8F99-9680-43CC-A10C-22DCA34279F7}.Debug|Any CPU.Build.0 = Debug|Any CPU
		{EEAB8F99-9680-43CC-A10C-22DCA34279F7}.Release|Any CPU.ActiveCfg = Release|Any CPU
		{EEAB8F99-9680-43CC-A10C-22DCA34279F7}.Release|Any CPU.Build.0 = Release|Any CPU
	EndGlobalSection
EndGlobal
