
Microsoft Visual Studio Solution File, Format Version 12.00
Project("{FAE04EC0-301F-11D3-BF4B-00C04F79EFBC}") = "MatchFullName", "MatchFullName\MatchFullName.csproj", "{ECCC1642-4709-4A10-B58E-89E83E3292CE}"
EndProject
Project("{FAE04EC0-301F-11D3-BF4B-00C04F79EFBC}") = "MatchPhoneNumber", "MatchPhoneNumber\MatchPhoneNumber.csproj", "{B9E3659D-42F8-453E-ABEC-FB7A4C525FDF}"
EndProject
Project("{FAE04EC0-301F-11D3-BF4B-00C04F79EFBC}") = "MatchDates", "MatchDates\MatchDates.csproj", "{0F7DC988-2BAF-471E-8A77-2BF3ED659F38}"
EndProject
Project("{FAE04EC0-301F-11D3-BF4B-00C04F79EFBC}") = "Furniture", "Furniture\Furniture.csproj", "{421552B9-FA5B-4B3D-A0F0-88DAD93F59B4}"
EndProject
Project("{FAE04EC0-301F-11D3-BF4B-00C04F79EFBC}") = "Race", "Race\Race.csproj", "{03A09B7A-BACC-4AF4-8CA3-3379B15C062E}"
EndProject
Project("{FAE04EC0-301F-11D3-BF4B-00C04F79EFBC}") = "SoftUni-Bar-Income", "SoftUni-Bar-Income\SoftUni-Bar-Income.csproj", "{017DC2D5-32A2-4B20-A944-6783CF2D7B13}"
EndProject
Global
	GlobalSection(SolutionConfigurationPlatforms) = preSolution
		Debug|Any CPU = Debug|Any CPU
		Release|Any CPU = Release|Any CPU
	EndGlobalSection
	GlobalSection(ProjectConfigurationPlatforms) = postSolution
		{ECCC1642-4709-4A10-B58E-89E83E3292CE}.Debug|Any CPU.ActiveCfg = Debug|Any CPU
		{ECCC1642-4709-4A10-B58E-89E83E3292CE}.Debug|Any CPU.Build.0 = Debug|Any CPU
		{ECCC1642-4709-4A10-B58E-89E83E3292CE}.Release|Any CPU.ActiveCfg = Release|Any CPU
		{ECCC1642-4709-4A10-B58E-89E83E3292CE}.Release|Any CPU.Build.0 = Release|Any CPU
		{B9E3659D-42F8-453E-ABEC-FB7A4C525FDF}.Debug|Any CPU.ActiveCfg = Debug|Any CPU
		{B9E3659D-42F8-453E-ABEC-FB7A4C525FDF}.Debug|Any CPU.Build.0 = Debug|Any CPU
		{B9E3659D-42F8-453E-ABEC-FB7A4C525FDF}.Release|Any CPU.ActiveCfg = Release|Any CPU
		{B9E3659D-42F8-453E-ABEC-FB7A4C525FDF}.Release|Any CPU.Build.0 = Release|Any CPU
		{0F7DC988-2BAF-471E-8A77-2BF3ED659F38}.Debug|Any CPU.ActiveCfg = Debug|Any CPU
		{0F7DC988-2BAF-471E-8A77-2BF3ED659F38}.Debug|Any CPU.Build.0 = Debug|Any CPU
		{0F7DC988-2BAF-471E-8A77-2BF3ED659F38}.Release|Any CPU.ActiveCfg = Release|Any CPU
		{0F7DC988-2BAF-471E-8A77-2BF3ED659F38}.Release|Any CPU.Build.0 = Release|Any CPU
		{421552B9-FA5B-4B3D-A0F0-88DAD93F59B4}.Debug|Any CPU.ActiveCfg = Debug|Any CPU
		{421552B9-FA5B-4B3D-A0F0-88DAD93F59B4}.Debug|Any CPU.Build.0 = Debug|Any CPU
		{421552B9-FA5B-4B3D-A0F0-88DAD93F59B4}.Release|Any CPU.ActiveCfg = Release|Any CPU
		{421552B9-FA5B-4B3D-A0F0-88DAD93F59B4}.Release|Any CPU.Build.0 = Release|Any CPU
		{03A09B7A-BACC-4AF4-8CA3-3379B15C062E}.Debug|Any CPU.ActiveCfg = Debug|Any CPU
		{03A09B7A-BACC-4AF4-8CA3-3379B15C062E}.Debug|Any CPU.Build.0 = Debug|Any CPU
		{03A09B7A-BACC-4AF4-8CA3-3379B15C062E}.Release|Any CPU.ActiveCfg = Release|Any CPU
		{03A09B7A-BACC-4AF4-8CA3-3379B15C062E}.Release|Any CPU.Build.0 = Release|Any CPU
		{017DC2D5-32A2-4B20-A944-6783CF2D7B13}.Debug|Any CPU.ActiveCfg = Debug|Any CPU
		{017DC2D5-32A2-4B20-A944-6783CF2D7B13}.Debug|Any CPU.Build.0 = Debug|Any CPU
		{017DC2D5-32A2-4B20-A944-6783CF2D7B13}.Release|Any CPU.ActiveCfg = Release|Any CPU
		{017DC2D5-32A2-4B20-A944-6783CF2D7B13}.Release|Any CPU.Build.0 = Release|Any CPU
	EndGlobalSection
EndGlobal
