
Microsoft Visual Studio Solution File, Format Version 12.00
Project("{FAE04EC0-301F-11D3-BF4B-00C04F79EFBC}") = "CountCharsInAString", "CountCharsInAString\CountCharsInAString.csproj", "{08113434-EDEE-4C7A-874D-831BE366D37E}"
EndProject
Project("{FAE04EC0-301F-11D3-BF4B-00C04F79EFBC}") = "AMinerTask", "AMinerTask\AMinerTask.csproj", "{C268D497-C100-40E5-966E-A35200AB4744}"
EndProject
Project("{FAE04EC0-301F-11D3-BF4B-00C04F79EFBC}") = "LegendaryFarming", "LegendaryFarming\LegendaryFarming.csproj", "{EA808054-DCCA-42A0-84D0-24732A6DC65B}"
EndProject
Project("{FAE04EC0-301F-11D3-BF4B-00C04F79EFBC}") = "Orders", "Orders\Orders.csproj", "{7F49542E-BDE9-4A8F-B306-CB675F4B8CE6}"
EndProject
Project("{FAE04EC0-301F-11D3-BF4B-00C04F79EFBC}") = "SoftUniParking", "SoftUniParking\SoftUniParking.csproj", "{2D723D42-6954-47E1-97D7-04AACFA55400}"
EndProject
Project("{FAE04EC0-301F-11D3-BF4B-00C04F79EFBC}") = "Courses", "Courses\Courses.csproj", "{711EEEBD-AEF5-4F18-9F59-1C958442A105}"
EndProject
Project("{FAE04EC0-301F-11D3-BF4B-00C04F79EFBC}") = "StudentAcademy", "StudentAcademy\StudentAcademy.csproj", "{3D94A68C-4E24-47E2-B009-10660498824C}"
EndProject
Project("{FAE04EC0-301F-11D3-BF4B-00C04F79EFBC}") = "CompanyUsers", "CompanyUsers\CompanyUsers.csproj", "{FA36653A-4167-4A5B-8D6B-E33F63E7047C}"
EndProject
Global
	GlobalSection(SolutionConfigurationPlatforms) = preSolution
		Debug|Any CPU = Debug|Any CPU
		Release|Any CPU = Release|Any CPU
	EndGlobalSection
	GlobalSection(ProjectConfigurationPlatforms) = postSolution
		{08113434-EDEE-4C7A-874D-831BE366D37E}.Debug|Any CPU.ActiveCfg = Debug|Any CPU
		{08113434-EDEE-4C7A-874D-831BE366D37E}.Debug|Any CPU.Build.0 = Debug|Any CPU
		{08113434-EDEE-4C7A-874D-831BE366D37E}.Release|Any CPU.ActiveCfg = Release|Any CPU
		{08113434-EDEE-4C7A-874D-831BE366D37E}.Release|Any CPU.Build.0 = Release|Any CPU
		{C268D497-C100-40E5-966E-A35200AB4744}.Debug|Any CPU.ActiveCfg = Debug|Any CPU
		{C268D497-C100-40E5-966E-A35200AB4744}.Debug|Any CPU.Build.0 = Debug|Any CPU
		{C268D497-C100-40E5-966E-A35200AB4744}.Release|Any CPU.ActiveCfg = Release|Any CPU
		{C268D497-C100-40E5-966E-A35200AB4744}.Release|Any CPU.Build.0 = Release|Any CPU
		{EA808054-DCCA-42A0-84D0-24732A6DC65B}.Debug|Any CPU.ActiveCfg = Debug|Any CPU
		{EA808054-DCCA-42A0-84D0-24732A6DC65B}.Debug|Any CPU.Build.0 = Debug|Any CPU
		{EA808054-DCCA-42A0-84D0-24732A6DC65B}.Release|Any CPU.ActiveCfg = Release|Any CPU
		{EA808054-DCCA-42A0-84D0-24732A6DC65B}.Release|Any CPU.Build.0 = Release|Any CPU
		{7F49542E-BDE9-4A8F-B306-CB675F4B8CE6}.Debug|Any CPU.ActiveCfg = Debug|Any CPU
		{7F49542E-BDE9-4A8F-B306-CB675F4B8CE6}.Debug|Any CPU.Build.0 = Debug|Any CPU
		{7F49542E-BDE9-4A8F-B306-CB675F4B8CE6}.Release|Any CPU.ActiveCfg = Release|Any CPU
		{7F49542E-BDE9-4A8F-B306-CB675F4B8CE6}.Release|Any CPU.Build.0 = Release|Any CPU
		{2D723D42-6954-47E1-97D7-04AACFA55400}.Debug|Any CPU.ActiveCfg = Debug|Any CPU
		{2D723D42-6954-47E1-97D7-04AACFA55400}.Debug|Any CPU.Build.0 = Debug|Any CPU
		{2D723D42-6954-47E1-97D7-04AACFA55400}.Release|Any CPU.ActiveCfg = Release|Any CPU
		{2D723D42-6954-47E1-97D7-04AACFA55400}.Release|Any CPU.Build.0 = Release|Any CPU
		{711EEEBD-AEF5-4F18-9F59-1C958442A105}.Debug|Any CPU.ActiveCfg = Debug|Any CPU
		{711EEEBD-AEF5-4F18-9F59-1C958442A105}.Debug|Any CPU.Build.0 = Debug|Any CPU
		{711EEEBD-AEF5-4F18-9F59-1C958442A105}.Release|Any CPU.ActiveCfg = Release|Any CPU
		{711EEEBD-AEF5-4F18-9F59-1C958442A105}.Release|Any CPU.Build.0 = Release|Any CPU
		{3D94A68C-4E24-47E2-B009-10660498824C}.Debug|Any CPU.ActiveCfg = Debug|Any CPU
		{3D94A68C-4E24-47E2-B009-10660498824C}.Debug|Any CPU.Build.0 = Debug|Any CPU
		{3D94A68C-4E24-47E2-B009-10660498824C}.Release|Any CPU.ActiveCfg = Release|Any CPU
		{3D94A68C-4E24-47E2-B009-10660498824C}.Release|Any CPU.Build.0 = Release|Any CPU
		{FA36653A-4167-4A5B-8D6B-E33F63E7047C}.Debug|Any CPU.ActiveCfg = Debug|Any CPU
		{FA36653A-4167-4A5B-8D6B-E33F63E7047C}.Debug|Any CPU.Build.0 = Debug|Any CPU
		{FA36653A-4167-4A5B-8D6B-E33F63E7047C}.Release|Any CPU.ActiveCfg = Release|Any CPU
		{FA36653A-4167-4A5B-8D6B-E33F63E7047C}.Release|Any CPU.Build.0 = Release|Any CPU
	EndGlobalSection
EndGlobal
